
Microsoft Visual Studio Solution File, Format Version 12.00
# Visual Studio Version 17
VisualStudioVersion = 17.6.33927.249
MinimumVisualStudioVersion = 10.0.40219.1
Project("{9A19103F-16F7-4668-BE54-9A1E7A4F7556}") = "FilesApi", "FilesApi.csproj", "{FEF3B12A-DD9E-4132-9C84-E6083715DCA0}"
EndProject
Project("{FAE04EC0-301F-11D3-BF4B-00C04F79EFBC}") = "BlazorApp1", "..\BlazorApp1\BlazorApp1.csproj", "{79F1F985-978B-4C4E-813A-B0FEFF5437CA}"
EndProject
Global
	GlobalSection(SolutionConfigurationPlatforms) = preSolution
		Debug|Any CPU = Debug|Any CPU
		Release|Any CPU = Release|Any CPU
	EndGlobalSection
	GlobalSection(ProjectConfigurationPlatforms) = postSolution
		{FEF3B12A-DD9E-4132-9C84-E6083715DCA0}.Debug|Any CPU.ActiveCfg = Debug|Any CPU
		{FEF3B12A-DD9E-4132-9C84-E6083715DCA0}.Debug|Any CPU.Build.0 = Debug|Any CPU
		{FEF3B12A-DD9E-4132-9C84-E6083715DCA0}.Release|Any CPU.ActiveCfg = Release|Any CPU
		{FEF3B12A-DD9E-4132-9C84-E6083715DCA0}.Release|Any CPU.Build.0 = Release|Any CPU
		{79F1F985-978B-4C4E-813A-B0FEFF5437CA}.Debug|Any CPU.ActiveCfg = Debug|Any CPU
		{79F1F985-978B-4C4E-813A-B0FEFF5437CA}.Debug|Any CPU.Build.0 = Debug|Any CPU
		{79F1F985-978B-4C4E-813A-B0FEFF5437CA}.Release|Any CPU.ActiveCfg = Release|Any CPU
		{79F1F985-978B-4C4E-813A-B0FEFF5437CA}.Release|Any CPU.Build.0 = Release|Any CPU
	EndGlobalSection
	GlobalSection(SolutionProperties) = preSolution
		HideSolutionNode = FALSE
	EndGlobalSection
	GlobalSection(ExtensibilityGlobals) = postSolution
		SolutionGuid = {70BCFFF5-3C24-4CF9-8A7D-A72482482DDD}
	EndGlobalSection
EndGlobal
